
Microsoft Visual Studio Solution File, Format Version 12.00
# Visual Studio Version 16
VisualStudioVersion = 16.0.31105.61
MinimumVisualStudioVersion = 10.0.40219.1
Project("{9A19103F-16F7-4668-BE54-9A1E7A4F7556}") = "midTerm.Data", "midTerm.Data.csproj", "{FE7B1E17-1E57-4614-A9B1-BB6ED0474740}"
EndProject
Project("{FAE04EC0-301F-11D3-BF4B-00C04F79EFBC}") = "midTerm.Models", "..\midTerm.Models\midTerm.Models.csproj", "{D52E3387-7FFB-4309-BC77-8DB3D324436C}"
EndProject
Project("{FAE04EC0-301F-11D3-BF4B-00C04F79EFBC}") = "midTerm.Services", "..\midTerm.Services\midTerm.Services.csproj", "{A6C0DEF9-BB9C-4D06-B4B5-05BC5E185E94}"
EndProject
Global
	GlobalSection(SolutionConfigurationPlatforms) = preSolution
		Debug|Any CPU = Debug|Any CPU
		Release|Any CPU = Release|Any CPU
	EndGlobalSection
	GlobalSection(ProjectConfigurationPlatforms) = postSolution
		{FE7B1E17-1E57-4614-A9B1-BB6ED0474740}.Debug|Any CPU.ActiveCfg = Debug|Any CPU
		{FE7B1E17-1E57-4614-A9B1-BB6ED0474740}.Debug|Any CPU.Build.0 = Debug|Any CPU
		{FE7B1E17-1E57-4614-A9B1-BB6ED0474740}.Release|Any CPU.ActiveCfg = Release|Any CPU
		{FE7B1E17-1E57-4614-A9B1-BB6ED0474740}.Release|Any CPU.Build.0 = Release|Any CPU
		{D52E3387-7FFB-4309-BC77-8DB3D324436C}.Debug|Any CPU.ActiveCfg = Debug|Any CPU
		{D52E3387-7FFB-4309-BC77-8DB3D324436C}.Debug|Any CPU.Build.0 = Debug|Any CPU
		{D52E3387-7FFB-4309-BC77-8DB3D324436C}.Release|Any CPU.ActiveCfg = Release|Any CPU
		{D52E3387-7FFB-4309-BC77-8DB3D324436C}.Release|Any CPU.Build.0 = Release|Any CPU
		{A6C0DEF9-BB9C-4D06-B4B5-05BC5E185E94}.Debug|Any CPU.ActiveCfg = Debug|Any CPU
		{A6C0DEF9-BB9C-4D06-B4B5-05BC5E185E94}.Debug|Any CPU.Build.0 = Debug|Any CPU
		{A6C0DEF9-BB9C-4D06-B4B5-05BC5E185E94}.Release|Any CPU.ActiveCfg = Release|Any CPU
		{A6C0DEF9-BB9C-4D06-B4B5-05BC5E185E94}.Release|Any CPU.Build.0 = Release|Any CPU
	EndGlobalSection
	GlobalSection(SolutionProperties) = preSolution
		HideSolutionNode = FALSE
	EndGlobalSection
	GlobalSection(ExtensibilityGlobals) = postSolution
		SolutionGuid = {EC077332-B253-46D2-8DF1-9698F13E6C6B}
	EndGlobalSection
EndGlobal
